// !$*UTF8*$!
{
	archiveVersion = 1;
	classes = {
	};
	objectVersion = 46;
	objects = {

/* Begin PBXBuildFile section */
		67ED84AF1F897ED000CB0088 /* AppDelegate.swift in Sources */ = {isa = PBXBuildFile; fileRef = 67ED84AE1F897ED000CB0088 /* AppDelegate.swift */; };
		67ED84B11F897ED000CB0088 /* ViewController.swift in Sources */ = {isa = PBXBuildFile; fileRef = 67ED84B01F897ED000CB0088 /* ViewController.swift */; };
		67ED84B41F897ED000CB0088 /* Main.storyboard in Resources */ = {isa = PBXBuildFile; fileRef = 67ED84B21F897ED000CB0088 /* Main.storyboard */; };
		67ED84B61F897ED000CB0088 /* Assets.xcassets in Resources */ = {isa = PBXBuildFile; fileRef = 67ED84B51F897ED000CB0088 /* Assets.xcassets */; };
		67ED84B91F897ED000CB0088 /* LaunchScreen.storyboard in Resources */ = {isa = PBXBuildFile; fileRef = 67ED84B71F897ED000CB0088 /* LaunchScreen.storyboard */; };
/* End PBXBuildFile section */

/* Begin PBXFileReference section */
		67ED84AB1F897ED000CB0088 /* SpotifyCollections.app */ = {isa = PBXFileReference; explicitFileType = wrapper.application; includeInIndex = 0; path = SpotifyCollections.app; sourceTree = BUILT_PRODUCTS_DIR; };
		67ED84AE1F897ED000CB0088 /* AppDelegate.swift */ = {isa = PBXFileReference; lastKnownFileType = sourcecode.swift; path = AppDelegate.swift; sourceTree = "<group>"; };
		67ED84B01F897ED000CB0088 /* ViewController.swift */ = {isa = PBXFileReference; lastKnownFileType = sourcecode.swift; path = ViewController.swift; sourceTree = "<group>"; };
		67ED84B31F897ED000CB0088 /* Base */ = {isa = PBXFileReference; lastKnownFileType = file.storyboard; name = Base; path = Base.lproj/Main.storyboard; sourceTree = "<group>"; };
		67ED84B51F897ED000CB0088 /* Assets.xcassets */ = {isa = PBXFileReference; lastKnownFileType = folder.assetcatalog; path = Assets.xcassets; sourceTree = "<group>"; };
		67ED84B81F897ED000CB0088 /* Base */ = {isa = PBXFileReference; lastKnownFileType = file.storyboard; name = Base; path = Base.lproj/LaunchScreen.storyboard; sourceTree = "<group>"; };
		67ED84BA1F897ED000CB0088 /* Info.plist */ = {isa = PBXFileReference; lastKnownFileType = text.plist.xml; path = Info.plist; sourceTree = "<group>"; };
/* End PBXFileReference section */

/* Begin PBXFrameworksBuildPhase section */
		67ED84A81F897ED000CB0088 /* Frameworks */ = {
			isa = PBXFrameworksBuildPhase;
			buildActionMask = 2147483647;
			files = (
			);
			runOnlyForDeploymentPostprocessing = 0;
		};
/* End PBXFrameworksBuildPhase section */

/* Begin PBXGroup section */
		67ED84A21F897ED000CB0088 = {
			isa = PBXGroup;
			children = (
				67ED84AD1F897ED000CB0088 /* SpotifyCollections */,
				67ED84AC1F897ED000CB0088 /* Products */,
			);
			sourceTree = "<group>";
		};
		67ED84AC1F897ED000CB0088 /* Products */ = {
			isa = PBXGroup;
			children = (
				67ED84AB1F897ED000CB0088 /* SpotifyCollections.app */,
			);
			name = Products;
			sourceTree = "<group>";
		};
		67ED84AD1F897ED000CB0088 /* SpotifyCollections */ = {
			isa = PBXGroup;
			children = (
				67ED84AE1F897ED000CB0088 /* AppDelegate.swift */,
				67ED84B01F897ED000CB0088 /* ViewController.swift */,
				67ED84B21F897ED000CB0088 /* Main.storyboard */,
				67ED84B51F897ED000CB0088 /* Assets.xcassets */,
				67ED84B71F897ED000CB0088 /* LaunchScreen.storyboard */,
				67ED84BA1F897ED000CB0088 /* Info.plist */,
			);
			path = SpotifyCollections;
			sourceTree = "<group>";
		};
/* End PBXGroup section */

/* Begin PBXNativeTarget section */
		67ED84AA1F897ED000CB0088 /* SpotifyCollections */ = {
			isa = PBXNativeTarget;
			buildConfigurationList = 67ED84BD1F897ED000CB0088 /* Build configuration list for PBXNativeTarget "SpotifyCollections" */;
			buildPhases = (
				67ED84A71F897ED000CB0088 /* Sources */,
				67ED84A81F897ED000CB0088 /* Frameworks */,
				67ED84A91F897ED000CB0088 /* Resources */,
			);
			buildRules = (
			);
			dependencies = (
			);
			name = SpotifyCollections;
			productName = SpotifyCollections;
			productReference = 67ED84AB1F897ED000CB0088 /* SpotifyCollections.app */;
			productType = "com.apple.product-type.application";
		};
/* End PBXNativeTarget section */

/* Begin PBXProject section */
		67ED84A31F897ED000CB0088 /* Project object */ = {
			isa = PBXProject;
			attributes = {
				LastSwiftUpdateCheck = 0830;
				LastUpgradeCheck = 0830;
				ORGANIZATIONNAME = franktan;
				TargetAttributes = {
					67ED84AA1F897ED000CB0088 = {
						CreatedOnToolsVersion = 8.3.3;
						DevelopmentTeam = XPHUJ78MCR;
						ProvisioningStyle = Automatic;
					};
				};
			};
			buildConfigurationList = 67ED84A61F897ED000CB0088 /* Build configuration list for PBXProject "SpotifyCollections" */;
			compatibilityVersion = "Xcode 3.2";
			developmentRegion = English;
			hasScannedForEncodings = 0;
			knownRegions = (
				en,
				Base,
			);
			mainGroup = 67ED84A21F897ED000CB0088;
			productRefGroup = 67ED84AC1F897ED000CB0088 /* Products */;
			projectDirPath = "";
			projectRoot = "";
			targets = (
				67ED84AA1F897ED000CB0088 /* SpotifyCollections */,
			);
		};
/* End PBXProject section */

/* Begin PBXResourcesBuildPhase section */
		67ED84A91F897ED000CB0088 /* Resources */ = {
			isa = PBXResourcesBuildPhase;
			buildActionMask = 2147483647;
			files = (
				67ED84B91F897ED000CB0088 /* LaunchScreen.storyboard in Resources */,
				67ED84B61F897ED000CB0088 /* Assets.xcassets in Resources */,
				67ED84B41F897ED000CB0088 /* Main.storyboard in Resources */,
			);
			runOnlyForDeploymentPostprocessing = 0;
		};
/* End PBXResourcesBuildPhase section */

/* Begin PBXSourcesBuildPhase section */
		67ED84A71F897ED000CB0088 /* Sources */ = {
			isa = PBXSourcesBuildPhase;
			buildActionMask = 2147483647;
			files = (
				67ED84B11F897ED000CB0088 /* ViewController.swift in Sources */,
				67ED84AF1F897ED000CB0088 /* AppDelegate.swift in Sources */,
			);
			runOnlyForDeploymentPostprocessing = 0;
		};
/* End PBXSourcesBuildPhase section */

/* Begin PBXVariantGroup section */
		67ED84B21F897ED000CB0088 /* Main.storyboard */ = {
			isa = PBXVariantGroup;
			children = (
				67ED84B31F897ED000CB0088 /* Base */,
			);
			name = Main.storyboard;
			sourceTree = "<group>";
		};
		67ED84B71F897ED000CB0088 /* LaunchScreen.storyboard */ = {
			isa = PBXVariantGroup;
			children = (
				67ED84B81F897ED000CB0088 /* Base */,
			);
			name = LaunchScreen.storyboard;
			sourceTree = "<group>";
		};
/* End PBXVariantGroup section */

/* Begin XCBuildConfiguration section */
		67ED84BB1F897ED000CB0088 /* Debug */ = {
			isa = XCBuildConfiguration;
			buildSettings = {
				ALWAYS_SEARCH_USER_PATHS = NO;
				CLANG_ANALYZER_NONNULL = YES;
				CLANG_ANALYZER_NUMBER_OBJECT_CONVERSION = YES_AGGRESSIVE;
				CLANG_CXX_LANGUAGE_STANDARD = "gnu++0x";
				CLANG_CXX_LIBRARY = "libc++";
				CLANG_ENABLE_MODULES = YES;
				CLANG_ENABLE_OBJC_ARC = YES;
				CLANG_WARN_BOOL_CONVERSION = YES;
				CLANG_WARN_CONSTANT_CONVERSION = YES;
				CLANG_WARN_DIRECT_OBJC_ISA_USAGE = YES_ERROR;
				CLANG_WARN_DOCUMENTATION_COMMENTS = YES;
				CLANG_WARN_EMPTY_BODY = YES;
				CLANG_WARN_ENUM_CONVERSION = YES;
				CLANG_WARN_INFINITE_RECURSION = YES;
				CLANG_WARN_INT_CONVERSION = YES;
				CLANG_WARN_OBJC_ROOT_CLASS = YES_ERROR;
				CLANG_WARN_SUSPICIOUS_MOVE = YES;
				CLANG_WARN_UNREACHABLE_CODE = YES;
				CLANG_WARN__DUPLICATE_METHOD_MATCH = YES;
				"CODE_SIGN_IDENTITY[sdk=iphoneos*]" = "iPhone Developer";
				COPY_PHASE_STRIP = NO;
				DEBUG_INFORMATION_FORMAT = dwarf;
				ENABLE_STRICT_OBJC_MSGSEND = YES;
				ENABLE_TESTABILITY = YES;
				GCC_C_LANGUAGE_STANDARD = gnu99;
				GCC_DYNAMIC_NO_PIC = NO;
				GCC_NO_COMMON_BLOCKS = YES;
				GCC_OPTIMIZATION_LEVEL = 0;
				GCC_PREPROCESSOR_DEFINITIONS = (
					"DEBUG=1",
					"$(inherited)",
				);
				GCC_WARN_64_TO_32_BIT_CONVERSION = YES;
				GCC_WARN_ABOUT_RETURN_TYPE = YES_ERROR;
				GCC_WARN_UNDECLARED_SELECTOR = YES;
				GCC_WARN_UNINITIALIZED_AUTOS = YES_AGGRESSIVE;
				GCC_WARN_UNUSED_FUNCTION = YES;
				GCC_WARN_UNUSED_VARIABLE = YES;
				IPHONEOS_DEPLOYMENT_TARGET = 10.3;
				MTL_ENABLE_DEBUG_INFO = YES;
				ONLY_ACTIVE_ARCH = YES;
				SDKROOT = iphoneos;
				SWIFT_ACTIVE_COMPILATION_CONDITIONS = DEBUG;
				SWIFT_OPTIMIZATION_LEVEL = "-Onone";
			};
			name = Debug;
		};
		67ED84BC1F897ED000CB0088 /* Release */ = {
			isa = XCBuildConfiguration;
			buildSettings = {
				ALWAYS_SEARCH_USER_PATHS = NO;
				CLANG_ANALYZER_NONNULL = YES;
				CLANG_ANALYZER_NUMBER_OBJECT_CONVERSION = YES_AGGRESSIVE;
				CLANG_CXX_LANGUAGE_STANDARD = "gnu++0x";
				CLANG_CXX_LIBRARY = "libc++";
				CLANG_ENABLE_MODULES = YES;
				CLANG_ENABLE_OBJC_ARC = YES;
				CLANG_WARN_BOOL_CONVERSION = YES;
				CLANG_WARN_CONSTANT_CONVERSION = YES;
				CLANG_WARN_DIRECT_OBJC_ISA_USAGE = YES_ERROR;
				CLANG_WARN_DOCUMENTATION_COMMENTS = YES;
				CLANG_WARN_EMPTY_BODY = YES;
				CLANG_WARN_ENUM_CONVERSION = YES;
				CLANG_WARN_INFINITE_RECURSION = YES;
				CLANG_WARN_INT_CONVERSION = YES;
				CLANG_WARN_OBJC_ROOT_CLASS = YES_ERROR;
				CLANG_WARN_SUSPICIOUS_MOVE = YES;
				CLANG_WARN_UNREACHABLE_CODE = YES;
				CLANG_WARN__DUPLICATE_METHOD_MATCH = YES;
				"CODE_SIGN_IDENTITY[sdk=iphoneos*]" = "iPhone Developer";
				COPY_PHASE_STRIP = NO;
				DEBUG_INFORMATION_FORMAT = "dwarf-with-dsym";
				ENABLE_NS_ASSERTIONS = NO;
				ENABLE_STRICT_OBJC_MSGSEND = YES;
				GCC_C_LANGUAGE_STANDARD = gnu99;
				GCC_NO_COMMON_BLOCKS = YES;
				GCC_WARN_64_TO_32_BIT_CONVERSION = YES;
				GCC_WARN_ABOUT_RETURN_TYPE = YES_ERROR;
				GCC_WARN_UNDECLARED_SELECTOR = YES;
				GCC_WARN_UNINITIALIZED_AUTOS = YES_AGGRESSIVE;
				GCC_WARN_UNUSED_FUNCTION = YES;
				GCC_WARN_UNUSED_VARIABLE = YES;
				IPHONEOS_DEPLOYMENT_TARGET = 10.3;
				MTL_ENABLE_DEBUG_INFO = NO;
				SDKROOT = iphoneos;
				SWIFT_OPTIMIZATION_LEVEL = "-Owholemodule";
				VALIDATE_PRODUCT = YES;
			};
			name = Release;
		};
		67ED84BE1F897ED000CB0088 /* Debug */ = {
			isa = XCBuildConfiguration;
			buildSettings = {
				ASSETCATALOG_COMPILER_APPICON_NAME = AppIcon;
				DEVELOPMENT_TEAM = XPHUJ78MCR;
				INFOPLIST_FILE = SpotifyCollections/Info.plist;
				LD_RUNPATH_SEARCH_PATHS = "$(inherited) @executable_path/Frameworks";
				PRODUCT_BUNDLE_IDENTIFIER = com.frankctan.SpotifyCollections;
				PRODUCT_NAME = "$(TARGET_NAME)";
				SWIFT_VERSION = 3.0;
			};
			name = Debug;
		};
		67ED84BF1F897ED000CB0088 /* Release */ = {
			isa = XCBuildConfiguration;
			buildSettings = {
				ASSETCATALOG_COMPILER_APPICON_NAME = AppIcon;
				DEVELOPMENT_TEAM = XPHUJ78MCR;
				INFOPLIST_FILE = SpotifyCollections/Info.plist;
				LD_RUNPATH_SEARCH_PATHS = "$(inherited) @executable_path/Frameworks";
				PRODUCT_BUNDLE_IDENTIFIER = com.frankctan.SpotifyCollections;
				PRODUCT_NAME = "$(TARGET_NAME)";
				SWIFT_VERSION = 3.0;
			};
			name = Release;
		};
/* End XCBuildConfiguration section */

/* Begin XCConfigurationList section */
		67ED84A61F897ED000CB0088 /* Build configuration list for PBXProject "SpotifyCollections" */ = {
			isa = XCConfigurationList;
			buildConfigurations = (
				67ED84BB1F897ED000CB0088 /* Debug */,
				67ED84BC1F897ED000CB0088 /* Release */,
			);
			defaultConfigurationIsVisible = 0;
			defaultConfigurationName = Release;
		};
		67ED84BD1F897ED000CB0088 /* Build configuration list for PBXNativeTarget "SpotifyCollections" */ = {
			isa = XCConfigurationList;
			buildConfigurations = (
				67ED84BE1F897ED000CB0088 /* Debug */,
				67ED84BF1F897ED000CB0088 /* Release */,
			);
			defaultConfigurationIsVisible = 0;
		};
/* End XCConfigurationList section */
	};
	rootObject = 67ED84A31F897ED000CB0088 /* Project object */;
}
